// !$*UTF8*$!
{
	archiveVersion = 1;
	classes = {
	};
	objectVersion = 50;
	objects = {

/* Begin PBXBuildFile section */
		487BE7BE2358043500B20F61 /* AppDelegate.m in Sources */ = {isa = PBXBuildFile; fileRef = 487BE7BD2358043500B20F61 /* AppDelegate.m */; };
		487BE7C12358043500B20F61 /* SceneDelegate.m in Sources */ = {isa = PBXBuildFile; fileRef = 487BE7C02358043500B20F61 /* SceneDelegate.m */; };
		487BE7C42358043500B20F61 /* ViewController.m in Sources */ = {isa = PBXBuildFile; fileRef = 487BE7C32358043500B20F61 /* ViewController.m */; };
		487BE7C72358043500B20F61 /* Main.storyboard in Resources */ = {isa = PBXBuildFile; fileRef = 487BE7C52358043500B20F61 /* Main.storyboard */; };
		487BE7C92358043C00B20F61 /* Assets.xcassets in Resources */ = {isa = PBXBuildFile; fileRef = 487BE7C82358043C00B20F61 /* Assets.xcassets */; };
		487BE7CC2358043C00B20F61 /* LaunchScreen.storyboard in Resources */ = {isa = PBXBuildFile; fileRef = 487BE7CA2358043C00B20F61 /* LaunchScreen.storyboard */; };
		487BE7CF2358043C00B20F61 /* main.m in Sources */ = {isa = PBXBuildFile; fileRef = 487BE7CE2358043C00B20F61 /* main.m */; };
/* End PBXBuildFile section */

/* Begin PBXFileReference section */
		487BE7B92358043500B20F61 /* ColorForDarkMode.app */ = {isa = PBXFileReference; explicitFileType = wrapper.application; includeInIndex = 0; path = ColorForDarkMode.app; sourceTree = BUILT_PRODUCTS_DIR; };
		487BE7BC2358043500B20F61 /* AppDelegate.h */ = {isa = PBXFileReference; lastKnownFileType = sourcecode.c.h; path = AppDelegate.h; sourceTree = "<group>"; };
		487BE7BD2358043500B20F61 /* AppDelegate.m */ = {isa = PBXFileReference; lastKnownFileType = sourcecode.c.objc; path = AppDelegate.m; sourceTree = "<group>"; };
		487BE7BF2358043500B20F61 /* SceneDelegate.h */ = {isa = PBXFileReference; lastKnownFileType = sourcecode.c.h; path = SceneDelegate.h; sourceTree = "<group>"; };
		487BE7C02358043500B20F61 /* SceneDelegate.m */ = {isa = PBXFileReference; lastKnownFileType = sourcecode.c.objc; path = SceneDelegate.m; sourceTree = "<group>"; };
		487BE7C22358043500B20F61 /* ViewController.h */ = {isa = PBXFileReference; lastKnownFileType = sourcecode.c.h; path = ViewController.h; sourceTree = "<group>"; };
		487BE7C32358043500B20F61 /* ViewController.m */ = {isa = PBXFileReference; lastKnownFileType = sourcecode.c.objc; path = ViewController.m; sourceTree = "<group>"; };
		487BE7C62358043500B20F61 /* Base */ = {isa = PBXFileReference; lastKnownFileType = file.storyboard; name = Base; path = Base.lproj/Main.storyboard; sourceTree = "<group>"; };
		487BE7C82358043C00B20F61 /* Assets.xcassets */ = {isa = PBXFileReference; lastKnownFileType = folder.assetcatalog; path = Assets.xcassets; sourceTree = "<group>"; };
		487BE7CB2358043C00B20F61 /* Base */ = {isa = PBXFileReference; lastKnownFileType = file.storyboard; name = Base; path = Base.lproj/LaunchScreen.storyboard; sourceTree = "<group>"; };
		487BE7CD2358043C00B20F61 /* Info.plist */ = {isa = PBXFileReference; lastKnownFileType = text.plist.xml; path = Info.plist; sourceTree = "<group>"; };
		487BE7CE2358043C00B20F61 /* main.m */ = {isa = PBXFileReference; lastKnownFileType = sourcecode.c.objc; path = main.m; sourceTree = "<group>"; };
/* End PBXFileReference section */

/* Begin PBXFrameworksBuildPhase section */
		487BE7B62358043500B20F61 /* Frameworks */ = {
			isa = PBXFrameworksBuildPhase;
			buildActionMask = 2147483647;
			files = (
			);
			runOnlyForDeploymentPostprocessing = 0;
		};
/* End PBXFrameworksBuildPhase section */

/* Begin PBXGroup section */
		487BE7B02358043500B20F61 = {
			isa = PBXGroup;
			children = (
				487BE7BB2358043500B20F61 /* ColorForDarkMode */,
				487BE7BA2358043500B20F61 /* Products */,
			);
			sourceTree = "<group>";
		};
		487BE7BA2358043500B20F61 /* Products */ = {
			isa = PBXGroup;
			children = (
				487BE7B92358043500B20F61 /* ColorForDarkMode.app */,
			);
			name = Products;
			sourceTree = "<group>";
		};
		487BE7BB2358043500B20F61 /* ColorForDarkMode */ = {
			isa = PBXGroup;
			children = (
				487BE7BC2358043500B20F61 /* AppDelegate.h */,
				487BE7BD2358043500B20F61 /* AppDelegate.m */,
				487BE7BF2358043500B20F61 /* SceneDelegate.h */,
				487BE7C02358043500B20F61 /* SceneDelegate.m */,
				487BE7C22358043500B20F61 /* ViewController.h */,
				487BE7C32358043500B20F61 /* ViewController.m */,
				487BE7C52358043500B20F61 /* Main.storyboard */,
				487BE7C82358043C00B20F61 /* Assets.xcassets */,
				487BE7CA2358043C00B20F61 /* LaunchScreen.storyboard */,
				487BE7CD2358043C00B20F61 /* Info.plist */,
				487BE7CE2358043C00B20F61 /* main.m */,
			);
			path = ColorForDarkMode;
			sourceTree = "<group>";
		};
/* End PBXGroup section */

/* Begin PBXNativeTarget section */
		487BE7B82358043500B20F61 /* ColorForDarkMode */ = {
			isa = PBXNativeTarget;
			buildConfigurationList = 487BE7D22358043C00B20F61 /* Build configuration list for PBXNativeTarget "ColorForDarkMode" */;
			buildPhases = (
				487BE7B52358043500B20F61 /* Sources */,
				487BE7B62358043500B20F61 /* Frameworks */,
				487BE7B72358043500B20F61 /* Resources */,
			);
			buildRules = (
			);
			dependencies = (
			);
			name = ColorForDarkMode;
			productName = ColorForDarkMode;
			productReference = 487BE7B92358043500B20F61 /* ColorForDarkMode.app */;
			productType = "com.apple.product-type.application";
		};
/* End PBXNativeTarget section */

/* Begin PBXProject section */
		487BE7B12358043500B20F61 /* Project object */ = {
			isa = PBXProject;
			attributes = {
				LastUpgradeCheck = 1100;
				ORGANIZATIONNAME = liang;
				TargetAttributes = {
					487BE7B82358043500B20F61 = {
						CreatedOnToolsVersion = 11.0;
					};
				};
			};
			buildConfigurationList = 487BE7B42358043500B20F61 /* Build configuration list for PBXProject "ColorForDarkMode" */;
			compatibilityVersion = "Xcode 9.3";
			developmentRegion = en;
			hasScannedForEncodings = 0;
			knownRegions = (
				en,
				Base,
			);
			mainGroup = 487BE7B02358043500B20F61;
			productRefGroup = 487BE7BA2358043500B20F61 /* Products */;
			projectDirPath = "";
			projectRoot = "";
			targets = (
				487BE7B82358043500B20F61 /* ColorForDarkMode */,
			);
		};
/* End PBXProject section */

/* Begin PBXResourcesBuildPhase section */
		487BE7B72358043500B20F61 /* Resources */ = {
			isa = PBXResourcesBuildPhase;
			buildActionMask = 2147483647;
			files = (
				487BE7CC2358043C00B20F61 /* LaunchScreen.storyboard in Resources */,
				487BE7C92358043C00B20F61 /* Assets.xcassets in Resources */,
				487BE7C72358043500B20F61 /* Main.storyboard in Resources */,
			);
			runOnlyForDeploymentPostprocessing = 0;
		};
/* End PBXResourcesBuildPhase section */

/* Begin PBXSourcesBuildPhase section */
		487BE7B52358043500B20F61 /* Sources */ = {
			isa = PBXSourcesBuildPhase;
			buildActionMask = 2147483647;
			files = (
				487BE7C42358043500B20F61 /* ViewController.m in Sources */,
				487BE7BE2358043500B20F61 /* AppDelegate.m in Sources */,
				487BE7CF2358043C00B20F61 /* main.m in Sources */,
				487BE7C12358043500B20F61 /* SceneDelegate.m in Sources */,
			);
			runOnlyForDeploymentPostprocessing = 0;
		};
/* End PBXSourcesBuildPhase section */

/* Begin PBXVariantGroup section */
		487BE7C52358043500B20F61 /* Main.storyboard */ = {
			isa = PBXVariantGroup;
			children = (
				487BE7C62358043500B20F61 /* Base */,
			);
			name = Main.storyboard;
			sourceTree = "<group>";
		};
		487BE7CA2358043C00B20F61 /* LaunchScreen.storyboard */ = {
			isa = PBXVariantGroup;
			children = (
				487BE7CB2358043C00B20F61 /* Base */,
			);
			name = LaunchScreen.storyboard;
			sourceTree = "<group>";
		};
/* End PBXVariantGroup section */

/* Begin XCBuildConfiguration section */
		487BE7D02358043C00B20F61 /* Debug */ = {
			isa = XCBuildConfiguration;
			buildSettings = {
				ALWAYS_SEARCH_USER_PATHS = NO;
				CLANG_ANALYZER_NONNULL = YES;
				CLANG_ANALYZER_NUMBER_OBJECT_CONVERSION = YES_AGGRESSIVE;
				CLANG_CXX_LANGUAGE_STANDARD = "gnu++14";
				CLANG_CXX_LIBRARY = "libc++";
				CLANG_ENABLE_MODULES = YES;
				CLANG_ENABLE_OBJC_ARC = YES;
				CLANG_ENABLE_OBJC_WEAK = YES;
				CLANG_WARN_BLOCK_CAPTURE_AUTORELEASING = YES;
				CLANG_WARN_BOOL_CONVERSION = YES;
				CLANG_WARN_COMMA = YES;
				CLANG_WARN_CONSTANT_CONVERSION = YES;
				CLANG_WARN_DEPRECATED_OBJC_IMPLEMENTATIONS = YES;
				CLANG_WARN_DIRECT_OBJC_ISA_USAGE = YES_ERROR;
				CLANG_WARN_DOCUMENTATION_COMMENTS = YES;
				CLANG_WARN_EMPTY_BODY = YES;
				CLANG_WARN_ENUM_CONVERSION = YES;
				CLANG_WARN_INFINITE_RECURSION = YES;
				CLANG_WARN_INT_CONVERSION = YES;
				CLANG_WARN_NON_LITERAL_NULL_CONVERSION = YES;
				CLANG_WARN_OBJC_IMPLICIT_RETAIN_SELF = YES;
				CLANG_WARN_OBJC_LITERAL_CONVERSION = YES;
				CLANG_WARN_OBJC_ROOT_CLASS = YES_ERROR;
				CLANG_WARN_RANGE_LOOP_ANALYSIS = YES;
				CLANG_WARN_STRICT_PROTOTYPES = YES;
				CLANG_WARN_SUSPICIOUS_MOVE = YES;
				CLANG_WARN_UNGUARDED_AVAILABILITY = YES_AGGRESSIVE;
				CLANG_WARN_UNREACHABLE_CODE = YES;
				CLANG_WARN__DUPLICATE_METHOD_MATCH = YES;
				COPY_PHASE_STRIP = NO;
				DEBUG_INFORMATION_FORMAT = dwarf;
				ENABLE_STRICT_OBJC_MSGSEND = YES;
				ENABLE_TESTABILITY = YES;
				GCC_C_LANGUAGE_STANDARD = gnu11;
				GCC_DYNAMIC_NO_PIC = NO;
				GCC_NO_COMMON_BLOCKS = YES;
				GCC_OPTIMIZATION_LEVEL = 0;
				GCC_PREPROCESSOR_DEFINITIONS = (
					"DEBUG=1",
					"$(inherited)",
				);
				GCC_WARN_64_TO_32_BIT_CONVERSION = YES;
				GCC_WARN_ABOUT_RETURN_TYPE = YES_ERROR;
				GCC_WARN_UNDECLARED_SELECTOR = YES;
				GCC_WARN_UNINITIALIZED_AUTOS = YES_AGGRESSIVE;
				GCC_WARN_UNUSED_FUNCTION = YES;
				GCC_WARN_UNUSED_VARIABLE = YES;
				IPHONEOS_DEPLOYMENT_TARGET = 13.0;
				MTL_ENABLE_DEBUG_INFO = INCLUDE_SOURCE;
				MTL_FAST_MATH = YES;
				ONLY_ACTIVE_ARCH = YES;
				SDKROOT = iphoneos;
			};
			name = Debug;
		};
		487BE7D12358043C00B20F61 /* Release */ = {
			isa = XCBuildConfiguration;
			buildSettings = {
				ALWAYS_SEARCH_USER_PATHS = NO;
				CLANG_ANALYZER_NONNULL = YES;
				CLANG_ANALYZER_NUMBER_OBJECT_CONVERSION = YES_AGGRESSIVE;
				CLANG_CXX_LANGUAGE_STANDARD = "gnu++14";
				CLANG_CXX_LIBRARY = "libc++";
				CLANG_ENABLE_MODULES = YES;
				CLANG_ENABLE_OBJC_ARC = YES;
				CLANG_ENABLE_OBJC_WEAK = YES;
				CLANG_WARN_BLOCK_CAPTURE_AUTORELEASING = YES;
				CLANG_WARN_BOOL_CONVERSION = YES;
				CLANG_WARN_COMMA = YES;
				CLANG_WARN_CONSTANT_CONVERSION = YES;
				CLANG_WARN_DEPRECATED_OBJC_IMPLEMENTATIONS = YES;
				CLANG_WARN_DIRECT_OBJC_ISA_USAGE = YES_ERROR;
				CLANG_WARN_DOCUMENTATION_COMMENTS = YES;
				CLANG_WARN_EMPTY_BODY = YES;
				CLANG_WARN_ENUM_CONVERSION = YES;
				CLANG_WARN_INFINITE_RECURSION = YES;
				CLANG_WARN_INT_CONVERSION = YES;
				CLANG_WARN_NON_LITERAL_NULL_CONVERSION = YES;
				CLANG_WARN_OBJC_IMPLICIT_RETAIN_SELF = YES;
				CLANG_WARN_OBJC_LITERAL_CONVERSION = YES;
				CLANG_WARN_OBJC_ROOT_CLASS = YES_ERROR;
				CLANG_WARN_RANGE_LOOP_ANALYSIS = YES;
				CLANG_WARN_STRICT_PROTOTYPES = YES;
				CLANG_WARN_SUSPICIOUS_MOVE = YES;
				CLANG_WARN_UNGUARDED_AVAILABILITY = YES_AGGRESSIVE;
				CLANG_WARN_UNREACHABLE_CODE = YES;
				CLANG_WARN__DUPLICATE_METHOD_MATCH = YES;
				COPY_PHASE_STRIP = NO;
				DEBUG_INFORMATION_FORMAT = "dwarf-with-dsym";
				ENABLE_NS_ASSERTIONS = NO;
				ENABLE_STRICT_OBJC_MSGSEND = YES;
				GCC_C_LANGUAGE_STANDARD = gnu11;
				GCC_NO_COMMON_BLOCKS = YES;
				GCC_WARN_64_TO_32_BIT_CONVERSION = YES;
				GCC_WARN_ABOUT_RETURN_TYPE = YES_ERROR;
				GCC_WARN_UNDECLARED_SELECTOR = YES;
				GCC_WARN_UNINITIALIZED_AUTOS = YES_AGGRESSIVE;
				GCC_WARN_UNUSED_FUNCTION = YES;
				GCC_WARN_UNUSED_VARIABLE = YES;
				IPHONEOS_DEPLOYMENT_TARGET = 13.0;
				MTL_ENABLE_DEBUG_INFO = NO;
				MTL_FAST_MATH = YES;
				SDKROOT = iphoneos;
				VALIDATE_PRODUCT = YES;
			};
			name = Release;
		};
		487BE7D32358043C00B20F61 /* Debug */ = {
			isa = XCBuildConfiguration;
			buildSettings = {
				ASSETCATALOG_COMPILER_APPICON_NAME = AppIcon;
				CODE_SIGN_STYLE = Automatic;
				INFOPLIST_FILE = ColorForDarkMode/Info.plist;
				LD_RUNPATH_SEARCH_PATHS = (
					"$(inherited)",
					"@executable_path/Frameworks",
				);
				PRODUCT_BUNDLE_IDENTIFIER = me.hite.app.ColorForDarkMode;
				PRODUCT_NAME = "$(TARGET_NAME)";
				TARGETED_DEVICE_FAMILY = "1,2";
			};
			name = Debug;
		};
		487BE7D42358043C00B20F61 /* Release */ = {
			isa = XCBuildConfiguration;
			buildSettings = {
				ASSETCATALOG_COMPILER_APPICON_NAME = AppIcon;
				CODE_SIGN_STYLE = Automatic;
				INFOPLIST_FILE = ColorForDarkMode/Info.plist;
				LD_RUNPATH_SEARCH_PATHS = (
					"$(inherited)",
					"@executable_path/Frameworks",
				);
				PRODUCT_BUNDLE_IDENTIFIER = me.hite.app.ColorForDarkMode;
				PRODUCT_NAME = "$(TARGET_NAME)";
				TARGETED_DEVICE_FAMILY = "1,2";
			};
			name = Release;
		};
/* End XCBuildConfiguration section */

/* Begin XCConfigurationList section */
		487BE7B42358043500B20F61 /* Build configuration list for PBXProject "ColorForDarkMode" */ = {
			isa = XCConfigurationList;
			buildConfigurations = (
				487BE7D02358043C00B20F61 /* Debug */,
				487BE7D12358043C00B20F61 /* Release */,
			);
			defaultConfigurationIsVisible = 0;
			defaultConfigurationName = Release;
		};
		487BE7D22358043C00B20F61 /* Build configuration list for PBXNativeTarget "ColorForDarkMode" */ = {
			isa = XCConfigurationList;
			buildConfigurations = (
				487BE7D32358043C00B20F61 /* Debug */,
				487BE7D42358043C00B20F61 /* Release */,
			);
			defaultConfigurationIsVisible = 0;
			defaultConfigurationName = Release;
		};
/* End XCConfigurationList section */
	};
	rootObject = 487BE7B12358043500B20F61 /* Project object */;
}
